
Microsoft Visual Studio Solution File, Format Version 12.00
# Visual Studio Version 17
VisualStudioVersion = 17.10.35122.118
MinimumVisualStudioVersion = 10.0.40219.1
Project("{FAE04EC0-301F-11D3-BF4B-00C04F79EFBC}") = "Data-Strcture", "Data-Strcture\Data-Strcture.csproj", "{30014998-7F7A-4CBA-93EE-0D4F97782B1A}"
EndProject
Global
	GlobalSection(SolutionConfigurationPlatforms) = preSolution
		Debug|Any CPU = Debug|Any CPU
		Release|Any CPU = Release|Any CPU
	EndGlobalSection
	GlobalSection(ProjectConfigurationPlatforms) = postSolution
		{30014998-7F7A-4CBA-93EE-0D4F97782B1A}.Debug|Any CPU.ActiveCfg = Debug|Any CPU
		{30014998-7F7A-4CBA-93EE-0D4F97782B1A}.Debug|Any CPU.Build.0 = Debug|Any CPU
		{30014998-7F7A-4CBA-93EE-0D4F97782B1A}.Release|Any CPU.ActiveCfg = Release|Any CPU
		{30014998-7F7A-4CBA-93EE-0D4F97782B1A}.Release|Any CPU.Build.0 = Release|Any CPU
	EndGlobalSection
	GlobalSection(SolutionProperties) = preSolution
		HideSolutionNode = FALSE
	EndGlobalSection
	GlobalSection(ExtensibilityGlobals) = postSolution
		SolutionGuid = {45DF348A-422B-4F17-8C87-11215EE8BD3B}
	EndGlobalSection
EndGlobal
